
Microsoft Visual Studio Solution File, Format Version 12.00
# Visual Studio 2013
VisualStudioVersion = 12.0.21005.1
MinimumVisualStudioVersion = 10.0.40219.1
Project("{FAE04EC0-301F-11D3-BF4B-00C04F79EFBC}") = "XmlTvGenerator", "XmlTvGenerator.csproj", "{7F5ED080-76FA-4E34-A4B6-53D812480C20}"
EndProject
Project("{FAE04EC0-301F-11D3-BF4B-00C04F79EFBC}") = "XmlTvGenerator.Core", "XmlTvGenerator.Core\XmlTvGenerator.Core.csproj", "{83C5B00D-89E6-45E5-AF42-F1ED79FBD8E7}"
EndProject
Project("{FAE04EC0-301F-11D3-BF4B-00C04F79EFBC}") = "Israel.Rashut2.Org.il", "Grabbers\Israel.Rashut2.Org.il\Israel.Rashut2.Org.il.csproj", "{C8E59E2C-6392-4E40-8B5C-CAC45816E0E0}"
EndProject
Project("{FAE04EC0-301F-11D3-BF4B-00C04F79EFBC}") = "AlJazeera.Sports", "Grabbers\AlJazeera.Sports\AlJazeera.Sports.csproj", "{C5BD5E85-1306-4C73-B2F6-D10CA89DBFA9}"
EndProject
Global
	GlobalSection(SolutionConfigurationPlatforms) = preSolution
		Debug|Any CPU = Debug|Any CPU
		Release|Any CPU = Release|Any CPU
	EndGlobalSection
	GlobalSection(ProjectConfigurationPlatforms) = postSolution
		{7F5ED080-76FA-4E34-A4B6-53D812480C20}.Debug|Any CPU.ActiveCfg = Debug|Any CPU
		{7F5ED080-76FA-4E34-A4B6-53D812480C20}.Debug|Any CPU.Build.0 = Debug|Any CPU
		{7F5ED080-76FA-4E34-A4B6-53D812480C20}.Release|Any CPU.ActiveCfg = Release|Any CPU
		{7F5ED080-76FA-4E34-A4B6-53D812480C20}.Release|Any CPU.Build.0 = Release|Any CPU
		{83C5B00D-89E6-45E5-AF42-F1ED79FBD8E7}.Debug|Any CPU.ActiveCfg = Debug|Any CPU
		{83C5B00D-89E6-45E5-AF42-F1ED79FBD8E7}.Debug|Any CPU.Build.0 = Debug|Any CPU
		{83C5B00D-89E6-45E5-AF42-F1ED79FBD8E7}.Release|Any CPU.ActiveCfg = Release|Any CPU
		{83C5B00D-89E6-45E5-AF42-F1ED79FBD8E7}.Release|Any CPU.Build.0 = Release|Any CPU
		{C8E59E2C-6392-4E40-8B5C-CAC45816E0E0}.Debug|Any CPU.ActiveCfg = Debug|Any CPU
		{C8E59E2C-6392-4E40-8B5C-CAC45816E0E0}.Debug|Any CPU.Build.0 = Debug|Any CPU
		{C8E59E2C-6392-4E40-8B5C-CAC45816E0E0}.Release|Any CPU.ActiveCfg = Release|Any CPU
		{C8E59E2C-6392-4E40-8B5C-CAC45816E0E0}.Release|Any CPU.Build.0 = Release|Any CPU
		{C5BD5E85-1306-4C73-B2F6-D10CA89DBFA9}.Debug|Any CPU.ActiveCfg = Debug|Any CPU
		{C5BD5E85-1306-4C73-B2F6-D10CA89DBFA9}.Debug|Any CPU.Build.0 = Debug|Any CPU
		{C5BD5E85-1306-4C73-B2F6-D10CA89DBFA9}.Release|Any CPU.ActiveCfg = Release|Any CPU
		{C5BD5E85-1306-4C73-B2F6-D10CA89DBFA9}.Release|Any CPU.Build.0 = Release|Any CPU
	EndGlobalSection
	GlobalSection(SolutionProperties) = preSolution
		HideSolutionNode = FALSE
	EndGlobalSection
EndGlobal
