
Microsoft Visual Studio Solution File, Format Version 12.00
# Visual Studio Version 17
VisualStudioVersion = 17.1.32407.343
MinimumVisualStudioVersion = 10.0.40219.1
Project("{9A19103F-16F7-4668-BE54-9A1E7A4F7556}") = "XmlTvGenerator", "XmlTvGenerator.csproj", "{7F5ED080-76FA-4E34-A4B6-53D812480C20}"
EndProject
Project("{9A19103F-16F7-4668-BE54-9A1E7A4F7556}") = "Israel.Rashut2.Org.il", "Grabbers\Israel.Rashut2.Org.il\Israel.Rashut2.Org.il.csproj", "{C8E59E2C-6392-4E40-8B5C-CAC45816E0E0}"
EndProject
Project("{9A19103F-16F7-4668-BE54-9A1E7A4F7556}") = "AlJazeera.Sports", "Grabbers\AlJazeera.Sports\AlJazeera.Sports.csproj", "{C5BD5E85-1306-4C73-B2F6-D10CA89DBFA9}"
EndProject
Project("{2150E333-8FDC-42A3-9474-1A3956D46DE8}") = "Grabbers", "Grabbers", "{91759C7E-1E12-4A1D-BFA5-0D2179FE2068}"
EndProject
Project("{2150E333-8FDC-42A3-9474-1A3956D46DE8}") = "Core", "Core", "{B47EF749-18F2-4FF0-A1A6-118E0CF326BE}"
EndProject
Project("{2150E333-8FDC-42A3-9474-1A3956D46DE8}") = "App", "App", "{09B4D3C1-097B-483B-8C5E-E6F72998F56D}"
EndProject
Project("{9A19103F-16F7-4668-BE54-9A1E7A4F7556}") = "BBC.World.News", "Grabbers\BBC.World.News\BBC.World.News.csproj", "{56B55FAC-EC57-434C-8AC1-C88FB87DECFE}"
EndProject
Project("{9A19103F-16F7-4668-BE54-9A1E7A4F7556}") = "CyfrowyPolsat.pl", "Grabbers\CyfrowyPolsat.pl\CyfrowyPolsat.pl.csproj", "{3F885DEC-F68D-4F81-8D37-D67AFBB4C4EA}"
EndProject
Project("{9A19103F-16F7-4668-BE54-9A1E7A4F7556}") = "sky.it", "Grabbers\Sky.it\sky.it.csproj", "{8B0D17AB-82FC-4903-93D9-24D1AB134CC2}"
EndProject
Project("{9A19103F-16F7-4668-BE54-9A1E7A4F7556}") = "CyfraPlus", "Grabbers\CyfraPlus\CyfraPlus.csproj", "{121D2560-D1C2-4A4B-912D-304850A9BD40}"
EndProject
Project("{9A19103F-16F7-4668-BE54-9A1E7A4F7556}") = "rtd.rt.com", "Grabbers\rtd.rt.com\rtd.rt.com.csproj", "{BEBA3814-58F1-4152-AA1C-54F3AC05A6B6}"
EndProject
Project("{9A19103F-16F7-4668-BE54-9A1E7A4F7556}") = "hot.net.il", "Grabbers\hot.net.il\hot.net.il.csproj", "{C732B6A2-C976-4DC9-8697-B2A29F61D454}"
EndProject
Project("{9A19103F-16F7-4668-BE54-9A1E7A4F7556}") = "beinsports.net", "Grabbers\beinsports.net\beinsports.net.csproj", "{AFDDBC7F-61A1-40EB-BAA8-2DF95BB38599}"
EndProject
Project("{9A19103F-16F7-4668-BE54-9A1E7A4F7556}") = "Reshet.tv", "Grabbers\Reshet.tv\Reshet.tv.csproj", "{E919AE88-E0E2-4578-B114-8B6C33EDD5EF}"
EndProject
Project("{9A19103F-16F7-4668-BE54-9A1E7A4F7556}") = "XmlTvGenerator.Core", "XmlTvGenerator.Core\XmlTvGenerator.Core.csproj", "{154005DE-0D7C-47CD-8AA4-C9451B74392E}"
EndProject
Project("{9A19103F-16F7-4668-BE54-9A1E7A4F7556}") = "Sport5.co.il", "Grabbers\Sport5.co.il\Sport5.co.il.csproj", "{AFEC8583-4CF2-403C-9779-669E8935C70F}"
EndProject
Project("{9A19103F-16F7-4668-BE54-9A1E7A4F7556}") = "streamingtvguides.com", "Grabbers\streamingtvguides.com\streamingtvguides.com.csproj", "{8D194350-0A52-43EC-BEEF-61804342CA5C}"
EndProject
Project("{9A19103F-16F7-4668-BE54-9A1E7A4F7556}") = "telegraph.co.uk", "Grabbers\telegraph.co.uk\telegraph.co.uk.csproj", "{CEEA630E-C3CC-4DD5-8E59-74412A997078}"
EndProject
Project("{9A19103F-16F7-4668-BE54-9A1E7A4F7556}") = "yes.co.il", "Grabbers\yes.co.il\yes.co.il.csproj", "{BD18AA90-0EE3-405B-B02A-767FC049EA4F}"
EndProject
Project("{9A19103F-16F7-4668-BE54-9A1E7A4F7556}") = "ontvtonight.com", "Grabbers\ontvtonight.com\ontvtonight.com.csproj", "{433FC492-6553-40BC-9F7D-215F8D8E326E}"
EndProject
Project("{9A19103F-16F7-4668-BE54-9A1E7A4F7556}") = "nos.pt", "Grabbers\nos.pt\nos.pt.csproj", "{0E4A0C78-154F-4779-A5FF-0067682517E2}"
EndProject
Project("{9A19103F-16F7-4668-BE54-9A1E7A4F7556}") = "CellcomTV.il", "Grabbers\CellcomTV.il\CellcomTV.il.csproj", "{2AE48ED3-C96F-4853-9ECB-E9C2FF03BD45}"
EndProject
Project("{9A19103F-16F7-4668-BE54-9A1E7A4F7556}") = "starhubtvplus.com", "Grabbers\starhubtvplus.com\starhubtvplus.com.csproj", "{64F7007E-DD9D-411A-954E-C98B7E270E45}"
EndProject
Project("{9A19103F-16F7-4668-BE54-9A1E7A4F7556}") = "tv-guide-listings.co.uk", "Grabbers\tv-guide-listings.co.uk\tv-guide-listings.co.uk.csproj", "{D6DDE4E6-EA4B-44CD-8F25-12B7309BAC96}"
EndProject
Project("{9A19103F-16F7-4668-BE54-9A1E7A4F7556}") = "meo.pt", "Grabbers\meo.pt\meo.pt.csproj", "{B129A86E-7335-4715-8619-0F3FBAA28700}"
EndProject
Project("{FAE04EC0-301F-11D3-BF4B-00C04F79EFBC}") = "entertainment.ie", "Grabbers\entertainment.ie\entertainment.ie.csproj", "{C51DE1D9-2DFC-4A3D-BD6C-069DE2A67B23}"
EndProject
Global
	GlobalSection(SolutionConfigurationPlatforms) = preSolution
		Debug|Any CPU = Debug|Any CPU
		Release|Any CPU = Release|Any CPU
	EndGlobalSection
	GlobalSection(ProjectConfigurationPlatforms) = postSolution
		{7F5ED080-76FA-4E34-A4B6-53D812480C20}.Debug|Any CPU.ActiveCfg = Debug|Any CPU
		{7F5ED080-76FA-4E34-A4B6-53D812480C20}.Debug|Any CPU.Build.0 = Debug|Any CPU
		{7F5ED080-76FA-4E34-A4B6-53D812480C20}.Release|Any CPU.ActiveCfg = Release|Any CPU
		{7F5ED080-76FA-4E34-A4B6-53D812480C20}.Release|Any CPU.Build.0 = Release|Any CPU
		{C8E59E2C-6392-4E40-8B5C-CAC45816E0E0}.Debug|Any CPU.ActiveCfg = Debug|Any CPU
		{C8E59E2C-6392-4E40-8B5C-CAC45816E0E0}.Debug|Any CPU.Build.0 = Debug|Any CPU
		{C8E59E2C-6392-4E40-8B5C-CAC45816E0E0}.Release|Any CPU.ActiveCfg = Release|Any CPU
		{C8E59E2C-6392-4E40-8B5C-CAC45816E0E0}.Release|Any CPU.Build.0 = Release|Any CPU
		{C5BD5E85-1306-4C73-B2F6-D10CA89DBFA9}.Debug|Any CPU.ActiveCfg = Debug|Any CPU
		{C5BD5E85-1306-4C73-B2F6-D10CA89DBFA9}.Debug|Any CPU.Build.0 = Debug|Any CPU
		{C5BD5E85-1306-4C73-B2F6-D10CA89DBFA9}.Release|Any CPU.ActiveCfg = Release|Any CPU
		{C5BD5E85-1306-4C73-B2F6-D10CA89DBFA9}.Release|Any CPU.Build.0 = Release|Any CPU
		{56B55FAC-EC57-434C-8AC1-C88FB87DECFE}.Debug|Any CPU.ActiveCfg = Debug|Any CPU
		{56B55FAC-EC57-434C-8AC1-C88FB87DECFE}.Debug|Any CPU.Build.0 = Debug|Any CPU
		{56B55FAC-EC57-434C-8AC1-C88FB87DECFE}.Release|Any CPU.ActiveCfg = Release|Any CPU
		{56B55FAC-EC57-434C-8AC1-C88FB87DECFE}.Release|Any CPU.Build.0 = Release|Any CPU
		{3F885DEC-F68D-4F81-8D37-D67AFBB4C4EA}.Debug|Any CPU.ActiveCfg = Debug|Any CPU
		{3F885DEC-F68D-4F81-8D37-D67AFBB4C4EA}.Debug|Any CPU.Build.0 = Debug|Any CPU
		{3F885DEC-F68D-4F81-8D37-D67AFBB4C4EA}.Release|Any CPU.ActiveCfg = Release|Any CPU
		{3F885DEC-F68D-4F81-8D37-D67AFBB4C4EA}.Release|Any CPU.Build.0 = Release|Any CPU
		{8B0D17AB-82FC-4903-93D9-24D1AB134CC2}.Debug|Any CPU.ActiveCfg = Debug|Any CPU
		{8B0D17AB-82FC-4903-93D9-24D1AB134CC2}.Debug|Any CPU.Build.0 = Debug|Any CPU
		{8B0D17AB-82FC-4903-93D9-24D1AB134CC2}.Release|Any CPU.ActiveCfg = Release|Any CPU
		{8B0D17AB-82FC-4903-93D9-24D1AB134CC2}.Release|Any CPU.Build.0 = Release|Any CPU
		{121D2560-D1C2-4A4B-912D-304850A9BD40}.Debug|Any CPU.ActiveCfg = Debug|Any CPU
		{121D2560-D1C2-4A4B-912D-304850A9BD40}.Debug|Any CPU.Build.0 = Debug|Any CPU
		{121D2560-D1C2-4A4B-912D-304850A9BD40}.Release|Any CPU.ActiveCfg = Release|Any CPU
		{121D2560-D1C2-4A4B-912D-304850A9BD40}.Release|Any CPU.Build.0 = Release|Any CPU
		{BEBA3814-58F1-4152-AA1C-54F3AC05A6B6}.Debug|Any CPU.ActiveCfg = Debug|Any CPU
		{BEBA3814-58F1-4152-AA1C-54F3AC05A6B6}.Debug|Any CPU.Build.0 = Debug|Any CPU
		{BEBA3814-58F1-4152-AA1C-54F3AC05A6B6}.Release|Any CPU.ActiveCfg = Release|Any CPU
		{BEBA3814-58F1-4152-AA1C-54F3AC05A6B6}.Release|Any CPU.Build.0 = Release|Any CPU
		{C732B6A2-C976-4DC9-8697-B2A29F61D454}.Debug|Any CPU.ActiveCfg = Debug|Any CPU
		{C732B6A2-C976-4DC9-8697-B2A29F61D454}.Debug|Any CPU.Build.0 = Debug|Any CPU
		{C732B6A2-C976-4DC9-8697-B2A29F61D454}.Release|Any CPU.ActiveCfg = Release|Any CPU
		{C732B6A2-C976-4DC9-8697-B2A29F61D454}.Release|Any CPU.Build.0 = Release|Any CPU
		{AFDDBC7F-61A1-40EB-BAA8-2DF95BB38599}.Debug|Any CPU.ActiveCfg = Debug|Any CPU
		{AFDDBC7F-61A1-40EB-BAA8-2DF95BB38599}.Debug|Any CPU.Build.0 = Debug|Any CPU
		{AFDDBC7F-61A1-40EB-BAA8-2DF95BB38599}.Release|Any CPU.ActiveCfg = Release|Any CPU
		{AFDDBC7F-61A1-40EB-BAA8-2DF95BB38599}.Release|Any CPU.Build.0 = Release|Any CPU
		{E919AE88-E0E2-4578-B114-8B6C33EDD5EF}.Debug|Any CPU.ActiveCfg = Debug|Any CPU
		{E919AE88-E0E2-4578-B114-8B6C33EDD5EF}.Debug|Any CPU.Build.0 = Debug|Any CPU
		{E919AE88-E0E2-4578-B114-8B6C33EDD5EF}.Release|Any CPU.ActiveCfg = Release|Any CPU
		{E919AE88-E0E2-4578-B114-8B6C33EDD5EF}.Release|Any CPU.Build.0 = Release|Any CPU
		{154005DE-0D7C-47CD-8AA4-C9451B74392E}.Debug|Any CPU.ActiveCfg = Debug|Any CPU
		{154005DE-0D7C-47CD-8AA4-C9451B74392E}.Debug|Any CPU.Build.0 = Debug|Any CPU
		{154005DE-0D7C-47CD-8AA4-C9451B74392E}.Release|Any CPU.ActiveCfg = Release|Any CPU
		{154005DE-0D7C-47CD-8AA4-C9451B74392E}.Release|Any CPU.Build.0 = Release|Any CPU
		{AFEC8583-4CF2-403C-9779-669E8935C70F}.Debug|Any CPU.ActiveCfg = Debug|Any CPU
		{AFEC8583-4CF2-403C-9779-669E8935C70F}.Debug|Any CPU.Build.0 = Debug|Any CPU
		{AFEC8583-4CF2-403C-9779-669E8935C70F}.Release|Any CPU.ActiveCfg = Release|Any CPU
		{AFEC8583-4CF2-403C-9779-669E8935C70F}.Release|Any CPU.Build.0 = Release|Any CPU
		{8D194350-0A52-43EC-BEEF-61804342CA5C}.Debug|Any CPU.ActiveCfg = Debug|Any CPU
		{8D194350-0A52-43EC-BEEF-61804342CA5C}.Debug|Any CPU.Build.0 = Debug|Any CPU
		{8D194350-0A52-43EC-BEEF-61804342CA5C}.Release|Any CPU.ActiveCfg = Release|Any CPU
		{8D194350-0A52-43EC-BEEF-61804342CA5C}.Release|Any CPU.Build.0 = Release|Any CPU
		{CEEA630E-C3CC-4DD5-8E59-74412A997078}.Debug|Any CPU.ActiveCfg = Debug|Any CPU
		{CEEA630E-C3CC-4DD5-8E59-74412A997078}.Debug|Any CPU.Build.0 = Debug|Any CPU
		{CEEA630E-C3CC-4DD5-8E59-74412A997078}.Release|Any CPU.ActiveCfg = Release|Any CPU
		{CEEA630E-C3CC-4DD5-8E59-74412A997078}.Release|Any CPU.Build.0 = Release|Any CPU
		{BD18AA90-0EE3-405B-B02A-767FC049EA4F}.Debug|Any CPU.ActiveCfg = Debug|Any CPU
		{BD18AA90-0EE3-405B-B02A-767FC049EA4F}.Debug|Any CPU.Build.0 = Debug|Any CPU
		{BD18AA90-0EE3-405B-B02A-767FC049EA4F}.Release|Any CPU.ActiveCfg = Release|Any CPU
		{BD18AA90-0EE3-405B-B02A-767FC049EA4F}.Release|Any CPU.Build.0 = Release|Any CPU
		{433FC492-6553-40BC-9F7D-215F8D8E326E}.Debug|Any CPU.ActiveCfg = Debug|Any CPU
		{433FC492-6553-40BC-9F7D-215F8D8E326E}.Debug|Any CPU.Build.0 = Debug|Any CPU
		{433FC492-6553-40BC-9F7D-215F8D8E326E}.Release|Any CPU.ActiveCfg = Release|Any CPU
		{433FC492-6553-40BC-9F7D-215F8D8E326E}.Release|Any CPU.Build.0 = Release|Any CPU
		{0E4A0C78-154F-4779-A5FF-0067682517E2}.Debug|Any CPU.ActiveCfg = Debug|Any CPU
		{0E4A0C78-154F-4779-A5FF-0067682517E2}.Debug|Any CPU.Build.0 = Debug|Any CPU
		{0E4A0C78-154F-4779-A5FF-0067682517E2}.Release|Any CPU.ActiveCfg = Release|Any CPU
		{0E4A0C78-154F-4779-A5FF-0067682517E2}.Release|Any CPU.Build.0 = Release|Any CPU
		{2AE48ED3-C96F-4853-9ECB-E9C2FF03BD45}.Debug|Any CPU.ActiveCfg = Debug|Any CPU
		{2AE48ED3-C96F-4853-9ECB-E9C2FF03BD45}.Debug|Any CPU.Build.0 = Debug|Any CPU
		{2AE48ED3-C96F-4853-9ECB-E9C2FF03BD45}.Release|Any CPU.ActiveCfg = Release|Any CPU
		{2AE48ED3-C96F-4853-9ECB-E9C2FF03BD45}.Release|Any CPU.Build.0 = Release|Any CPU
		{64F7007E-DD9D-411A-954E-C98B7E270E45}.Debug|Any CPU.ActiveCfg = Debug|Any CPU
		{64F7007E-DD9D-411A-954E-C98B7E270E45}.Debug|Any CPU.Build.0 = Debug|Any CPU
		{64F7007E-DD9D-411A-954E-C98B7E270E45}.Release|Any CPU.ActiveCfg = Release|Any CPU
		{64F7007E-DD9D-411A-954E-C98B7E270E45}.Release|Any CPU.Build.0 = Release|Any CPU
		{D6DDE4E6-EA4B-44CD-8F25-12B7309BAC96}.Debug|Any CPU.ActiveCfg = Debug|Any CPU
		{D6DDE4E6-EA4B-44CD-8F25-12B7309BAC96}.Debug|Any CPU.Build.0 = Debug|Any CPU
		{D6DDE4E6-EA4B-44CD-8F25-12B7309BAC96}.Release|Any CPU.ActiveCfg = Release|Any CPU
		{D6DDE4E6-EA4B-44CD-8F25-12B7309BAC96}.Release|Any CPU.Build.0 = Release|Any CPU
		{B129A86E-7335-4715-8619-0F3FBAA28700}.Debug|Any CPU.ActiveCfg = Debug|Any CPU
		{B129A86E-7335-4715-8619-0F3FBAA28700}.Debug|Any CPU.Build.0 = Debug|Any CPU
		{B129A86E-7335-4715-8619-0F3FBAA28700}.Release|Any CPU.ActiveCfg = Release|Any CPU
		{B129A86E-7335-4715-8619-0F3FBAA28700}.Release|Any CPU.Build.0 = Release|Any CPU
		{C51DE1D9-2DFC-4A3D-BD6C-069DE2A67B23}.Debug|Any CPU.ActiveCfg = Debug|Any CPU
		{C51DE1D9-2DFC-4A3D-BD6C-069DE2A67B23}.Debug|Any CPU.Build.0 = Debug|Any CPU
		{C51DE1D9-2DFC-4A3D-BD6C-069DE2A67B23}.Release|Any CPU.ActiveCfg = Release|Any CPU
		{C51DE1D9-2DFC-4A3D-BD6C-069DE2A67B23}.Release|Any CPU.Build.0 = Release|Any CPU
	EndGlobalSection
	GlobalSection(SolutionProperties) = preSolution
		HideSolutionNode = FALSE
	EndGlobalSection
	GlobalSection(NestedProjects) = preSolution
		{7F5ED080-76FA-4E34-A4B6-53D812480C20} = {09B4D3C1-097B-483B-8C5E-E6F72998F56D}
		{C8E59E2C-6392-4E40-8B5C-CAC45816E0E0} = {91759C7E-1E12-4A1D-BFA5-0D2179FE2068}
		{C5BD5E85-1306-4C73-B2F6-D10CA89DBFA9} = {91759C7E-1E12-4A1D-BFA5-0D2179FE2068}
		{56B55FAC-EC57-434C-8AC1-C88FB87DECFE} = {91759C7E-1E12-4A1D-BFA5-0D2179FE2068}
		{3F885DEC-F68D-4F81-8D37-D67AFBB4C4EA} = {91759C7E-1E12-4A1D-BFA5-0D2179FE2068}
		{8B0D17AB-82FC-4903-93D9-24D1AB134CC2} = {91759C7E-1E12-4A1D-BFA5-0D2179FE2068}
		{121D2560-D1C2-4A4B-912D-304850A9BD40} = {91759C7E-1E12-4A1D-BFA5-0D2179FE2068}
		{BEBA3814-58F1-4152-AA1C-54F3AC05A6B6} = {91759C7E-1E12-4A1D-BFA5-0D2179FE2068}
		{C732B6A2-C976-4DC9-8697-B2A29F61D454} = {91759C7E-1E12-4A1D-BFA5-0D2179FE2068}
		{AFDDBC7F-61A1-40EB-BAA8-2DF95BB38599} = {91759C7E-1E12-4A1D-BFA5-0D2179FE2068}
		{E919AE88-E0E2-4578-B114-8B6C33EDD5EF} = {91759C7E-1E12-4A1D-BFA5-0D2179FE2068}
		{154005DE-0D7C-47CD-8AA4-C9451B74392E} = {B47EF749-18F2-4FF0-A1A6-118E0CF326BE}
		{AFEC8583-4CF2-403C-9779-669E8935C70F} = {91759C7E-1E12-4A1D-BFA5-0D2179FE2068}
		{8D194350-0A52-43EC-BEEF-61804342CA5C} = {91759C7E-1E12-4A1D-BFA5-0D2179FE2068}
		{CEEA630E-C3CC-4DD5-8E59-74412A997078} = {91759C7E-1E12-4A1D-BFA5-0D2179FE2068}
		{BD18AA90-0EE3-405B-B02A-767FC049EA4F} = {91759C7E-1E12-4A1D-BFA5-0D2179FE2068}
		{433FC492-6553-40BC-9F7D-215F8D8E326E} = {91759C7E-1E12-4A1D-BFA5-0D2179FE2068}
		{0E4A0C78-154F-4779-A5FF-0067682517E2} = {91759C7E-1E12-4A1D-BFA5-0D2179FE2068}
		{2AE48ED3-C96F-4853-9ECB-E9C2FF03BD45} = {91759C7E-1E12-4A1D-BFA5-0D2179FE2068}
		{64F7007E-DD9D-411A-954E-C98B7E270E45} = {91759C7E-1E12-4A1D-BFA5-0D2179FE2068}
		{D6DDE4E6-EA4B-44CD-8F25-12B7309BAC96} = {91759C7E-1E12-4A1D-BFA5-0D2179FE2068}
		{B129A86E-7335-4715-8619-0F3FBAA28700} = {91759C7E-1E12-4A1D-BFA5-0D2179FE2068}
		{C51DE1D9-2DFC-4A3D-BD6C-069DE2A67B23} = {91759C7E-1E12-4A1D-BFA5-0D2179FE2068}
	EndGlobalSection
	GlobalSection(ExtensibilityGlobals) = postSolution
		SolutionGuid = {FD415635-BE73-4FE0-AE58-F8A8B260569B}
	EndGlobalSection
EndGlobal
