
Microsoft Visual Studio Solution File, Format Version 12.00
# Visual Studio 2013
VisualStudioVersion = 12.0.21005.1
MinimumVisualStudioVersion = 10.0.40219.1
Project("{FAE04EC0-301F-11D3-BF4B-00C04F79EFBC}") = "XmlTvGenerator", "XmlTvGenerator.csproj", "{7F5ED080-76FA-4E34-A4B6-53D812480C20}"
EndProject
Project("{FAE04EC0-301F-11D3-BF4B-00C04F79EFBC}") = "XmlTvGenerator.Core", "XmlTvGenerator.Core\XmlTvGenerator.Core.csproj", "{83C5B00D-89E6-45E5-AF42-F1ED79FBD8E7}"
EndProject
Project("{FAE04EC0-301F-11D3-BF4B-00C04F79EFBC}") = "Israel.Rashut2.Org.il", "Grabbers\Israel.Rashut2.Org.il\Israel.Rashut2.Org.il.csproj", "{C8E59E2C-6392-4E40-8B5C-CAC45816E0E0}"
EndProject
Project("{FAE04EC0-301F-11D3-BF4B-00C04F79EFBC}") = "AlJazeera.Sports", "Grabbers\AlJazeera.Sports\AlJazeera.Sports.csproj", "{C5BD5E85-1306-4C73-B2F6-D10CA89DBFA9}"
EndProject
Project("{2150E333-8FDC-42A3-9474-1A3956D46DE8}") = "Grabbers", "Grabbers", "{91759C7E-1E12-4A1D-BFA5-0D2179FE2068}"
EndProject
Project("{2150E333-8FDC-42A3-9474-1A3956D46DE8}") = "Core", "Core", "{B47EF749-18F2-4FF0-A1A6-118E0CF326BE}"
EndProject
Project("{2150E333-8FDC-42A3-9474-1A3956D46DE8}") = "App", "App", "{09B4D3C1-097B-483B-8C5E-E6F72998F56D}"
EndProject
Project("{FAE04EC0-301F-11D3-BF4B-00C04F79EFBC}") = "BBC.World.News", "Grabbers\BBC.World.News\BBC.World.News.csproj", "{56B55FAC-EC57-434C-8AC1-C88FB87DECFE}"
EndProject
Project("{FAE04EC0-301F-11D3-BF4B-00C04F79EFBC}") = "CyfrowyPolsat.pl", "Grabbers\CyfrowyPolsat.pl\CyfrowyPolsat.pl.csproj", "{3F885DEC-F68D-4F81-8D37-D67AFBB4C4EA}"
EndProject
Project("{FAE04EC0-301F-11D3-BF4B-00C04F79EFBC}") = "Jn1", "Grabbers\Jn1\Jn1.csproj", "{AB0E6D81-2B34-42B6-82D4-6CE75F4684C4}"
EndProject
Project("{FAE04EC0-301F-11D3-BF4B-00C04F79EFBC}") = "Sky.it", "Grabbers\Sky.it\Sky.it.csproj", "{8B0D17AB-82FC-4903-93D9-24D1AB134CC2}"
EndProject
Project("{FAE04EC0-301F-11D3-BF4B-00C04F79EFBC}") = "CyfraPlus", "Grabbers\CyfraPlus\CyfraPlus.csproj", "{121D2560-D1C2-4A4B-912D-304850A9BD40}"
EndProject
Project("{FAE04EC0-301F-11D3-BF4B-00C04F79EFBC}") = "dmi.ae", "Grabbers\dmi.ae\dmi.ae.csproj", "{39787615-F97A-427F-A145-0E5C0B7FC61F}"
EndProject
Project("{FAE04EC0-301F-11D3-BF4B-00C04F79EFBC}") = "rtd.rt.com", "Grabbers\rtd.rt.com\rtd.rt.com.csproj", "{BEBA3814-58F1-4152-AA1C-54F3AC05A6B6}"
EndProject
Project("{FAE04EC0-301F-11D3-BF4B-00C04F79EFBC}") = "hot.net.il", "Grabbers\hot.net.il\hot.net.il.csproj", "{C732B6A2-C976-4DC9-8697-B2A29F61D454}"
EndProject
Global
	GlobalSection(SolutionConfigurationPlatforms) = preSolution
		Debug|Any CPU = Debug|Any CPU
		Release|Any CPU = Release|Any CPU
	EndGlobalSection
	GlobalSection(ProjectConfigurationPlatforms) = postSolution
		{7F5ED080-76FA-4E34-A4B6-53D812480C20}.Debug|Any CPU.ActiveCfg = Debug|Any CPU
		{7F5ED080-76FA-4E34-A4B6-53D812480C20}.Debug|Any CPU.Build.0 = Debug|Any CPU
		{7F5ED080-76FA-4E34-A4B6-53D812480C20}.Release|Any CPU.ActiveCfg = Release|Any CPU
		{7F5ED080-76FA-4E34-A4B6-53D812480C20}.Release|Any CPU.Build.0 = Release|Any CPU
		{83C5B00D-89E6-45E5-AF42-F1ED79FBD8E7}.Debug|Any CPU.ActiveCfg = Debug|Any CPU
		{83C5B00D-89E6-45E5-AF42-F1ED79FBD8E7}.Debug|Any CPU.Build.0 = Debug|Any CPU
		{83C5B00D-89E6-45E5-AF42-F1ED79FBD8E7}.Release|Any CPU.ActiveCfg = Release|Any CPU
		{83C5B00D-89E6-45E5-AF42-F1ED79FBD8E7}.Release|Any CPU.Build.0 = Release|Any CPU
		{C8E59E2C-6392-4E40-8B5C-CAC45816E0E0}.Debug|Any CPU.ActiveCfg = Debug|Any CPU
		{C8E59E2C-6392-4E40-8B5C-CAC45816E0E0}.Debug|Any CPU.Build.0 = Debug|Any CPU
		{C8E59E2C-6392-4E40-8B5C-CAC45816E0E0}.Release|Any CPU.ActiveCfg = Release|Any CPU
		{C8E59E2C-6392-4E40-8B5C-CAC45816E0E0}.Release|Any CPU.Build.0 = Release|Any CPU
		{C5BD5E85-1306-4C73-B2F6-D10CA89DBFA9}.Debug|Any CPU.ActiveCfg = Debug|Any CPU
		{C5BD5E85-1306-4C73-B2F6-D10CA89DBFA9}.Debug|Any CPU.Build.0 = Debug|Any CPU
		{C5BD5E85-1306-4C73-B2F6-D10CA89DBFA9}.Release|Any CPU.ActiveCfg = Release|Any CPU
		{C5BD5E85-1306-4C73-B2F6-D10CA89DBFA9}.Release|Any CPU.Build.0 = Release|Any CPU
		{56B55FAC-EC57-434C-8AC1-C88FB87DECFE}.Debug|Any CPU.ActiveCfg = Debug|Any CPU
		{56B55FAC-EC57-434C-8AC1-C88FB87DECFE}.Debug|Any CPU.Build.0 = Debug|Any CPU
		{56B55FAC-EC57-434C-8AC1-C88FB87DECFE}.Release|Any CPU.ActiveCfg = Release|Any CPU
		{56B55FAC-EC57-434C-8AC1-C88FB87DECFE}.Release|Any CPU.Build.0 = Release|Any CPU
		{3F885DEC-F68D-4F81-8D37-D67AFBB4C4EA}.Debug|Any CPU.ActiveCfg = Debug|Any CPU
		{3F885DEC-F68D-4F81-8D37-D67AFBB4C4EA}.Debug|Any CPU.Build.0 = Debug|Any CPU
		{3F885DEC-F68D-4F81-8D37-D67AFBB4C4EA}.Release|Any CPU.ActiveCfg = Release|Any CPU
		{3F885DEC-F68D-4F81-8D37-D67AFBB4C4EA}.Release|Any CPU.Build.0 = Release|Any CPU
		{AB0E6D81-2B34-42B6-82D4-6CE75F4684C4}.Debug|Any CPU.ActiveCfg = Debug|Any CPU
		{AB0E6D81-2B34-42B6-82D4-6CE75F4684C4}.Debug|Any CPU.Build.0 = Debug|Any CPU
		{AB0E6D81-2B34-42B6-82D4-6CE75F4684C4}.Release|Any CPU.ActiveCfg = Release|Any CPU
		{AB0E6D81-2B34-42B6-82D4-6CE75F4684C4}.Release|Any CPU.Build.0 = Release|Any CPU
		{8B0D17AB-82FC-4903-93D9-24D1AB134CC2}.Debug|Any CPU.ActiveCfg = Debug|Any CPU
		{8B0D17AB-82FC-4903-93D9-24D1AB134CC2}.Debug|Any CPU.Build.0 = Debug|Any CPU
		{8B0D17AB-82FC-4903-93D9-24D1AB134CC2}.Release|Any CPU.ActiveCfg = Release|Any CPU
		{8B0D17AB-82FC-4903-93D9-24D1AB134CC2}.Release|Any CPU.Build.0 = Release|Any CPU
		{121D2560-D1C2-4A4B-912D-304850A9BD40}.Debug|Any CPU.ActiveCfg = Debug|Any CPU
		{121D2560-D1C2-4A4B-912D-304850A9BD40}.Debug|Any CPU.Build.0 = Debug|Any CPU
		{121D2560-D1C2-4A4B-912D-304850A9BD40}.Release|Any CPU.ActiveCfg = Release|Any CPU
		{121D2560-D1C2-4A4B-912D-304850A9BD40}.Release|Any CPU.Build.0 = Release|Any CPU
		{39787615-F97A-427F-A145-0E5C0B7FC61F}.Debug|Any CPU.ActiveCfg = Debug|Any CPU
		{39787615-F97A-427F-A145-0E5C0B7FC61F}.Debug|Any CPU.Build.0 = Debug|Any CPU
		{39787615-F97A-427F-A145-0E5C0B7FC61F}.Release|Any CPU.ActiveCfg = Release|Any CPU
		{39787615-F97A-427F-A145-0E5C0B7FC61F}.Release|Any CPU.Build.0 = Release|Any CPU
		{BEBA3814-58F1-4152-AA1C-54F3AC05A6B6}.Debug|Any CPU.ActiveCfg = Debug|Any CPU
		{BEBA3814-58F1-4152-AA1C-54F3AC05A6B6}.Debug|Any CPU.Build.0 = Debug|Any CPU
		{BEBA3814-58F1-4152-AA1C-54F3AC05A6B6}.Release|Any CPU.ActiveCfg = Release|Any CPU
		{BEBA3814-58F1-4152-AA1C-54F3AC05A6B6}.Release|Any CPU.Build.0 = Release|Any CPU
		{C732B6A2-C976-4DC9-8697-B2A29F61D454}.Debug|Any CPU.ActiveCfg = Debug|Any CPU
		{C732B6A2-C976-4DC9-8697-B2A29F61D454}.Debug|Any CPU.Build.0 = Debug|Any CPU
		{C732B6A2-C976-4DC9-8697-B2A29F61D454}.Release|Any CPU.ActiveCfg = Release|Any CPU
		{C732B6A2-C976-4DC9-8697-B2A29F61D454}.Release|Any CPU.Build.0 = Release|Any CPU
	EndGlobalSection
	GlobalSection(SolutionProperties) = preSolution
		HideSolutionNode = FALSE
	EndGlobalSection
	GlobalSection(NestedProjects) = preSolution
		{7F5ED080-76FA-4E34-A4B6-53D812480C20} = {09B4D3C1-097B-483B-8C5E-E6F72998F56D}
		{83C5B00D-89E6-45E5-AF42-F1ED79FBD8E7} = {B47EF749-18F2-4FF0-A1A6-118E0CF326BE}
		{C5BD5E85-1306-4C73-B2F6-D10CA89DBFA9} = {91759C7E-1E12-4A1D-BFA5-0D2179FE2068}
		{C8E59E2C-6392-4E40-8B5C-CAC45816E0E0} = {91759C7E-1E12-4A1D-BFA5-0D2179FE2068}
		{56B55FAC-EC57-434C-8AC1-C88FB87DECFE} = {91759C7E-1E12-4A1D-BFA5-0D2179FE2068}
		{3F885DEC-F68D-4F81-8D37-D67AFBB4C4EA} = {91759C7E-1E12-4A1D-BFA5-0D2179FE2068}
		{AB0E6D81-2B34-42B6-82D4-6CE75F4684C4} = {91759C7E-1E12-4A1D-BFA5-0D2179FE2068}
		{8B0D17AB-82FC-4903-93D9-24D1AB134CC2} = {91759C7E-1E12-4A1D-BFA5-0D2179FE2068}
		{121D2560-D1C2-4A4B-912D-304850A9BD40} = {91759C7E-1E12-4A1D-BFA5-0D2179FE2068}
		{39787615-F97A-427F-A145-0E5C0B7FC61F} = {91759C7E-1E12-4A1D-BFA5-0D2179FE2068}
		{BEBA3814-58F1-4152-AA1C-54F3AC05A6B6} = {91759C7E-1E12-4A1D-BFA5-0D2179FE2068}
		{C732B6A2-C976-4DC9-8697-B2A29F61D454} = {91759C7E-1E12-4A1D-BFA5-0D2179FE2068}
	EndGlobalSection
EndGlobal
